// !$*UTF8*$!
{
	archiveVersion = 1;
	classes = {
	};
	objectVersion = 48;
	objects = {

/* Begin PBXBuildFile section */
		49CDE3EC20239C39002AFB0B /* AppDelegate.swift in Sources */ = {isa = PBXBuildFile; fileRef = 49CDE3EB20239C39002AFB0B /* AppDelegate.swift */; };
		49CDE3EE20239C39002AFB0B /* DetailViewController.swift in Sources */ = {isa = PBXBuildFile; fileRef = 49CDE3ED20239C39002AFB0B /* DetailViewController.swift */; };
		49CDE3F120239C39002AFB0B /* Main.storyboard in Resources */ = {isa = PBXBuildFile; fileRef = 49CDE3EF20239C39002AFB0B /* Main.storyboard */; };
		49CDE3F320239C39002AFB0B /* Assets.xcassets in Resources */ = {isa = PBXBuildFile; fileRef = 49CDE3F220239C39002AFB0B /* Assets.xcassets */; };
		49CDE3F620239C39002AFB0B /* LaunchScreen.storyboard in Resources */ = {isa = PBXBuildFile; fileRef = 49CDE3F420239C39002AFB0B /* LaunchScreen.storyboard */; };
		49CDE40120239C39002AFB0B /* DemoSwiftTests.swift in Sources */ = {isa = PBXBuildFile; fileRef = 49CDE40020239C39002AFB0B /* DemoSwiftTests.swift */; };
		49CDE40C20239C39002AFB0B /* DemoSwiftUITests.swift in Sources */ = {isa = PBXBuildFile; fileRef = 49CDE40B20239C39002AFB0B /* DemoSwiftUITests.swift */; };
		49CDE42020239E38002AFB0B /* TableViewCell.swift in Sources */ = {isa = PBXBuildFile; fileRef = 49CDE41F20239E38002AFB0B /* TableViewCell.swift */; };
		49CDE4222023A0CC002AFB0B /* TableViewController.swift in Sources */ = {isa = PBXBuildFile; fileRef = 49CDE4212023A0CC002AFB0B /* TableViewController.swift */; };
/* End PBXBuildFile section */

/* Begin PBXContainerItemProxy section */
		49CDE3FD20239C39002AFB0B /* PBXContainerItemProxy */ = {
			isa = PBXContainerItemProxy;
			containerPortal = 49CDE3E020239C38002AFB0B /* Project object */;
			proxyType = 1;
			remoteGlobalIDString = 49CDE3E720239C38002AFB0B;
			remoteInfo = DemoSwift;
		};
		49CDE40820239C39002AFB0B /* PBXContainerItemProxy */ = {
			isa = PBXContainerItemProxy;
			containerPortal = 49CDE3E020239C38002AFB0B /* Project object */;
			proxyType = 1;
			remoteGlobalIDString = 49CDE3E720239C38002AFB0B;
			remoteInfo = DemoSwift;
		};
/* End PBXContainerItemProxy section */

/* Begin PBXFileReference section */
		49CDE3E820239C38002AFB0B /* DemoSwift.app */ = {isa = PBXFileReference; explicitFileType = wrapper.application; includeInIndex = 0; path = DemoSwift.app; sourceTree = BUILT_PRODUCTS_DIR; };
		49CDE3EB20239C39002AFB0B /* AppDelegate.swift */ = {isa = PBXFileReference; lastKnownFileType = sourcecode.swift; path = AppDelegate.swift; sourceTree = "<group>"; };
		49CDE3ED20239C39002AFB0B /* DetailViewController.swift */ = {isa = PBXFileReference; lastKnownFileType = sourcecode.swift; path = DetailViewController.swift; sourceTree = "<group>"; };
		49CDE3F020239C39002AFB0B /* Base */ = {isa = PBXFileReference; lastKnownFileType = file.storyboard; name = Base; path = Base.lproj/Main.storyboard; sourceTree = "<group>"; };
		49CDE3F220239C39002AFB0B /* Assets.xcassets */ = {isa = PBXFileReference; lastKnownFileType = folder.assetcatalog; path = Assets.xcassets; sourceTree = "<group>"; };
		49CDE3F520239C39002AFB0B /* Base */ = {isa = PBXFileReference; lastKnownFileType = file.storyboard; name = Base; path = Base.lproj/LaunchScreen.storyboard; sourceTree = "<group>"; };
		49CDE3F720239C39002AFB0B /* Info.plist */ = {isa = PBXFileReference; lastKnownFileType = text.plist.xml; path = Info.plist; sourceTree = "<group>"; };
		49CDE3FC20239C39002AFB0B /* DemoSwiftTests.xctest */ = {isa = PBXFileReference; explicitFileType = wrapper.cfbundle; includeInIndex = 0; path = DemoSwiftTests.xctest; sourceTree = BUILT_PRODUCTS_DIR; };
		49CDE40020239C39002AFB0B /* DemoSwiftTests.swift */ = {isa = PBXFileReference; lastKnownFileType = sourcecode.swift; path = DemoSwiftTests.swift; sourceTree = "<group>"; };
		49CDE40220239C39002AFB0B /* Info.plist */ = {isa = PBXFileReference; lastKnownFileType = text.plist.xml; path = Info.plist; sourceTree = "<group>"; };
		49CDE40720239C39002AFB0B /* DemoSwiftUITests.xctest */ = {isa = PBXFileReference; explicitFileType = wrapper.cfbundle; includeInIndex = 0; path = DemoSwiftUITests.xctest; sourceTree = BUILT_PRODUCTS_DIR; };
		49CDE40B20239C39002AFB0B /* DemoSwiftUITests.swift */ = {isa = PBXFileReference; lastKnownFileType = sourcecode.swift; path = DemoSwiftUITests.swift; sourceTree = "<group>"; };
		49CDE40D20239C39002AFB0B /* Info.plist */ = {isa = PBXFileReference; lastKnownFileType = text.plist.xml; path = Info.plist; sourceTree = "<group>"; };
		49CDE41F20239E38002AFB0B /* TableViewCell.swift */ = {isa = PBXFileReference; lastKnownFileType = sourcecode.swift; path = TableViewCell.swift; sourceTree = "<group>"; };
		49CDE4212023A0CC002AFB0B /* TableViewController.swift */ = {isa = PBXFileReference; lastKnownFileType = sourcecode.swift; path = TableViewController.swift; sourceTree = "<group>"; };
/* End PBXFileReference section */

/* Begin PBXFrameworksBuildPhase section */
		49CDE3E520239C38002AFB0B /* Frameworks */ = {
			isa = PBXFrameworksBuildPhase;
			buildActionMask = 2147483647;
			files = (
			);
			runOnlyForDeploymentPostprocessing = 0;
		};
		49CDE3F920239C39002AFB0B /* Frameworks */ = {
			isa = PBXFrameworksBuildPhase;
			buildActionMask = 2147483647;
			files = (
			);
			runOnlyForDeploymentPostprocessing = 0;
		};
		49CDE40420239C39002AFB0B /* Frameworks */ = {
			isa = PBXFrameworksBuildPhase;
			buildActionMask = 2147483647;
			files = (
			);
			runOnlyForDeploymentPostprocessing = 0;
		};
/* End PBXFrameworksBuildPhase section */

/* Begin PBXGroup section */
		49CDE3DF20239C38002AFB0B = {
			isa = PBXGroup;
			children = (
				49CDE3EA20239C38002AFB0B /* DemoSwift */,
				49CDE3FF20239C39002AFB0B /* DemoSwiftTests */,
				49CDE40A20239C39002AFB0B /* DemoSwiftUITests */,
				49CDE3E920239C38002AFB0B /* Products */,
			);
			sourceTree = "<group>";
		};
		49CDE3E920239C38002AFB0B /* Products */ = {
			isa = PBXGroup;
			children = (
				49CDE3E820239C38002AFB0B /* DemoSwift.app */,
				49CDE3FC20239C39002AFB0B /* DemoSwiftTests.xctest */,
				49CDE40720239C39002AFB0B /* DemoSwiftUITests.xctest */,
			);
			name = Products;
			sourceTree = "<group>";
		};
		49CDE3EA20239C38002AFB0B /* DemoSwift */ = {
			isa = PBXGroup;
			children = (
				49CDE3EB20239C39002AFB0B /* AppDelegate.swift */,
				49CDE4212023A0CC002AFB0B /* TableViewController.swift */,
				49CDE41F20239E38002AFB0B /* TableViewCell.swift */,
				49CDE3ED20239C39002AFB0B /* DetailViewController.swift */,
				49CDE3F220239C39002AFB0B /* Assets.xcassets */,
				49CDE3EF20239C39002AFB0B /* Main.storyboard */,
				49CDE3F420239C39002AFB0B /* LaunchScreen.storyboard */,
				49CDE3F720239C39002AFB0B /* Info.plist */,
			);
			path = DemoSwift;
			sourceTree = "<group>";
		};
		49CDE3FF20239C39002AFB0B /* DemoSwiftTests */ = {
			isa = PBXGroup;
			children = (
				49CDE40020239C39002AFB0B /* DemoSwiftTests.swift */,
				49CDE40220239C39002AFB0B /* Info.plist */,
			);
			path = DemoSwiftTests;
			sourceTree = "<group>";
		};
		49CDE40A20239C39002AFB0B /* DemoSwiftUITests */ = {
			isa = PBXGroup;
			children = (
				49CDE40B20239C39002AFB0B /* DemoSwiftUITests.swift */,
				49CDE40D20239C39002AFB0B /* Info.plist */,
			);
			path = DemoSwiftUITests;
			sourceTree = "<group>";
		};
/* End PBXGroup section */

/* Begin PBXNativeTarget section */
		49CDE3E720239C38002AFB0B /* DemoSwift */ = {
			isa = PBXNativeTarget;
			buildConfigurationList = 49CDE41020239C39002AFB0B /* Build configuration list for PBXNativeTarget "DemoSwift" */;
			buildPhases = (
				49CDE3E420239C38002AFB0B /* Sources */,
				49CDE3E520239C38002AFB0B /* Frameworks */,
				49CDE3E620239C38002AFB0B /* Resources */,
			);
			buildRules = (
			);
			dependencies = (
			);
			name = DemoSwift;
			productName = DemoSwift;
			productReference = 49CDE3E820239C38002AFB0B /* DemoSwift.app */;
			productType = "com.apple.product-type.application";
		};
		49CDE3FB20239C39002AFB0B /* DemoSwiftTests */ = {
			isa = PBXNativeTarget;
			buildConfigurationList = 49CDE41320239C39002AFB0B /* Build configuration list for PBXNativeTarget "DemoSwiftTests" */;
			buildPhases = (
				49CDE3F820239C39002AFB0B /* Sources */,
				49CDE3F920239C39002AFB0B /* Frameworks */,
				49CDE3FA20239C39002AFB0B /* Resources */,
			);
			buildRules = (
			);
			dependencies = (
				49CDE3FE20239C39002AFB0B /* PBXTargetDependency */,
			);
			name = DemoSwiftTests;
			productName = DemoSwiftTests;
			productReference = 49CDE3FC20239C39002AFB0B /* DemoSwiftTests.xctest */;
			productType = "com.apple.product-type.bundle.unit-test";
		};
		49CDE40620239C39002AFB0B /* DemoSwiftUITests */ = {
			isa = PBXNativeTarget;
			buildConfigurationList = 49CDE41620239C39002AFB0B /* Build configuration list for PBXNativeTarget "DemoSwiftUITests" */;
			buildPhases = (
				49CDE40320239C39002AFB0B /* Sources */,
				49CDE40420239C39002AFB0B /* Frameworks */,
				49CDE40520239C39002AFB0B /* Resources */,
			);
			buildRules = (
			);
			dependencies = (
				49CDE40920239C39002AFB0B /* PBXTargetDependency */,
			);
			name = DemoSwiftUITests;
			productName = DemoSwiftUITests;
			productReference = 49CDE40720239C39002AFB0B /* DemoSwiftUITests.xctest */;
			productType = "com.apple.product-type.bundle.ui-testing";
		};
/* End PBXNativeTarget section */

/* Begin PBXProject section */
		49CDE3E020239C38002AFB0B /* Project object */ = {
			isa = PBXProject;
			attributes = {
				LastSwiftUpdateCheck = 0920;
				LastUpgradeCheck = 0920;
				ORGANIZATIONNAME = "Miguel Rodríguez Alonso";
				TargetAttributes = {
					49CDE3E720239C38002AFB0B = {
						CreatedOnToolsVersion = 9.2;
						ProvisioningStyle = Automatic;
					};
					49CDE3FB20239C39002AFB0B = {
						CreatedOnToolsVersion = 9.2;
						ProvisioningStyle = Automatic;
						TestTargetID = 49CDE3E720239C38002AFB0B;
					};
					49CDE40620239C39002AFB0B = {
						CreatedOnToolsVersion = 9.2;
						ProvisioningStyle = Automatic;
						TestTargetID = 49CDE3E720239C38002AFB0B;
					};
				};
			};
			buildConfigurationList = 49CDE3E320239C38002AFB0B /* Build configuration list for PBXProject "DemoSwift" */;
			compatibilityVersion = "Xcode 8.0";
			developmentRegion = en;
			hasScannedForEncodings = 0;
			knownRegions = (
				en,
				Base,
			);
			mainGroup = 49CDE3DF20239C38002AFB0B;
			productRefGroup = 49CDE3E920239C38002AFB0B /* Products */;
			projectDirPath = "";
			projectRoot = "";
			targets = (
				49CDE3E720239C38002AFB0B /* DemoSwift */,
				49CDE3FB20239C39002AFB0B /* DemoSwiftTests */,
				49CDE40620239C39002AFB0B /* DemoSwiftUITests */,
			);
		};
/* End PBXProject section */

/* Begin PBXResourcesBuildPhase section */
		49CDE3E620239C38002AFB0B /* Resources */ = {
			isa = PBXResourcesBuildPhase;
			buildActionMask = 2147483647;
			files = (
				49CDE3F620239C39002AFB0B /* LaunchScreen.storyboard in Resources */,
				49CDE3F320239C39002AFB0B /* Assets.xcassets in Resources */,
				49CDE3F120239C39002AFB0B /* Main.storyboard in Resources */,
			);
			runOnlyForDeploymentPostprocessing = 0;
		};
		49CDE3FA20239C39002AFB0B /* Resources */ = {
			isa = PBXResourcesBuildPhase;
			buildActionMask = 2147483647;
			files = (
			);
			runOnlyForDeploymentPostprocessing = 0;
		};
		49CDE40520239C39002AFB0B /* Resources */ = {
			isa = PBXResourcesBuildPhase;
			buildActionMask = 2147483647;
			files = (
			);
			runOnlyForDeploymentPostprocessing = 0;
		};
/* End PBXResourcesBuildPhase section */

/* Begin PBXSourcesBuildPhase section */
		49CDE3E420239C38002AFB0B /* Sources */ = {
			isa = PBXSourcesBuildPhase;
			buildActionMask = 2147483647;
			files = (
				49CDE42020239E38002AFB0B /* TableViewCell.swift in Sources */,
				49CDE3EE20239C39002AFB0B /* DetailViewController.swift in Sources */,
				49CDE3EC20239C39002AFB0B /* AppDelegate.swift in Sources */,
				49CDE4222023A0CC002AFB0B /* TableViewController.swift in Sources */,
			);
			runOnlyForDeploymentPostprocessing = 0;
		};
		49CDE3F820239C39002AFB0B /* Sources */ = {
			isa = PBXSourcesBuildPhase;
			buildActionMask = 2147483647;
			files = (
				49CDE40120239C39002AFB0B /* DemoSwiftTests.swift in Sources */,
			);
			runOnlyForDeploymentPostprocessing = 0;
		};
		49CDE40320239C39002AFB0B /* Sources */ = {
			isa = PBXSourcesBuildPhase;
			buildActionMask = 2147483647;
			files = (
				49CDE40C20239C39002AFB0B /* DemoSwiftUITests.swift in Sources */,
			);
			runOnlyForDeploymentPostprocessing = 0;
		};
/* End PBXSourcesBuildPhase section */

/* Begin PBXTargetDependency section */
		49CDE3FE20239C39002AFB0B /* PBXTargetDependency */ = {
			isa = PBXTargetDependency;
			target = 49CDE3E720239C38002AFB0B /* DemoSwift */;
			targetProxy = 49CDE3FD20239C39002AFB0B /* PBXContainerItemProxy */;
		};
		49CDE40920239C39002AFB0B /* PBXTargetDependency */ = {
			isa = PBXTargetDependency;
			target = 49CDE3E720239C38002AFB0B /* DemoSwift */;
			targetProxy = 49CDE40820239C39002AFB0B /* PBXContainerItemProxy */;
		};
/* End PBXTargetDependency section */

/* Begin PBXVariantGroup section */
		49CDE3EF20239C39002AFB0B /* Main.storyboard */ = {
			isa = PBXVariantGroup;
			children = (
				49CDE3F020239C39002AFB0B /* Base */,
			);
			name = Main.storyboard;
			sourceTree = "<group>";
		};
		49CDE3F420239C39002AFB0B /* LaunchScreen.storyboard */ = {
			isa = PBXVariantGroup;
			children = (
				49CDE3F520239C39002AFB0B /* Base */,
			);
			name = LaunchScreen.storyboard;
			sourceTree = "<group>";
		};
/* End PBXVariantGroup section */

/* Begin XCBuildConfiguration section */
		49CDE40E20239C39002AFB0B /* Debug */ = {
			isa = XCBuildConfiguration;
			buildSettings = {
				ALWAYS_SEARCH_USER_PATHS = NO;
				CLANG_ANALYZER_NONNULL = YES;
				CLANG_ANALYZER_NUMBER_OBJECT_CONVERSION = YES_AGGRESSIVE;
				CLANG_CXX_LANGUAGE_STANDARD = "gnu++14";
				CLANG_CXX_LIBRARY = "libc++";
				CLANG_ENABLE_MODULES = YES;
				CLANG_ENABLE_OBJC_ARC = YES;
				CLANG_WARN_BLOCK_CAPTURE_AUTORELEASING = YES;
				CLANG_WARN_BOOL_CONVERSION = YES;
				CLANG_WARN_COMMA = YES;
				CLANG_WARN_CONSTANT_CONVERSION = YES;
				CLANG_WARN_DIRECT_OBJC_ISA_USAGE = YES_ERROR;
				CLANG_WARN_DOCUMENTATION_COMMENTS = YES;
				CLANG_WARN_EMPTY_BODY = YES;
				CLANG_WARN_ENUM_CONVERSION = YES;
				CLANG_WARN_INFINITE_RECURSION = YES;
				CLANG_WARN_INT_CONVERSION = YES;
				CLANG_WARN_NON_LITERAL_NULL_CONVERSION = YES;
				CLANG_WARN_OBJC_LITERAL_CONVERSION = YES;
				CLANG_WARN_OBJC_ROOT_CLASS = YES_ERROR;
				CLANG_WARN_RANGE_LOOP_ANALYSIS = YES;
				CLANG_WARN_STRICT_PROTOTYPES = YES;
				CLANG_WARN_SUSPICIOUS_MOVE = YES;
				CLANG_WARN_UNGUARDED_AVAILABILITY = YES_AGGRESSIVE;
				CLANG_WARN_UNREACHABLE_CODE = YES;
				CLANG_WARN__DUPLICATE_METHOD_MATCH = YES;
				CODE_SIGN_IDENTITY = "iPhone Developer";
				COPY_PHASE_STRIP = NO;
				DEBUG_INFORMATION_FORMAT = dwarf;
				ENABLE_STRICT_OBJC_MSGSEND = YES;
				ENABLE_TESTABILITY = YES;
				GCC_C_LANGUAGE_STANDARD = gnu11;
				GCC_DYNAMIC_NO_PIC = NO;
				GCC_NO_COMMON_BLOCKS = YES;
				GCC_OPTIMIZATION_LEVEL = 0;
				GCC_PREPROCESSOR_DEFINITIONS = (
					"DEBUG=1",
					"$(inherited)",
				);
				GCC_WARN_64_TO_32_BIT_CONVERSION = YES;
				GCC_WARN_ABOUT_RETURN_TYPE = YES_ERROR;
				GCC_WARN_UNDECLARED_SELECTOR = YES;
				GCC_WARN_UNINITIALIZED_AUTOS = YES_AGGRESSIVE;
				GCC_WARN_UNUSED_FUNCTION = YES;
				GCC_WARN_UNUSED_VARIABLE = YES;
				IPHONEOS_DEPLOYMENT_TARGET = 11.2;
				MTL_ENABLE_DEBUG_INFO = YES;
				ONLY_ACTIVE_ARCH = YES;
				SDKROOT = iphoneos;
				SWIFT_ACTIVE_COMPILATION_CONDITIONS = DEBUG;
				SWIFT_OPTIMIZATION_LEVEL = "-Onone";
			};
			name = Debug;
		};
		49CDE40F20239C39002AFB0B /* Release */ = {
			isa = XCBuildConfiguration;
			buildSettings = {
				ALWAYS_SEARCH_USER_PATHS = NO;
				CLANG_ANALYZER_NONNULL = YES;
				CLANG_ANALYZER_NUMBER_OBJECT_CONVERSION = YES_AGGRESSIVE;
				CLANG_CXX_LANGUAGE_STANDARD = "gnu++14";
				CLANG_CXX_LIBRARY = "libc++";
				CLANG_ENABLE_MODULES = YES;
				CLANG_ENABLE_OBJC_ARC = YES;
				CLANG_WARN_BLOCK_CAPTURE_AUTORELEASING = YES;
				CLANG_WARN_BOOL_CONVERSION = YES;
				CLANG_WARN_COMMA = YES;
				CLANG_WARN_CONSTANT_CONVERSION = YES;
				CLANG_WARN_DIRECT_OBJC_ISA_USAGE = YES_ERROR;
				CLANG_WARN_DOCUMENTATION_COMMENTS = YES;
				CLANG_WARN_EMPTY_BODY = YES;
				CLANG_WARN_ENUM_CONVERSION = YES;
				CLANG_WARN_INFINITE_RECURSION = YES;
				CLANG_WARN_INT_CONVERSION = YES;
				CLANG_WARN_NON_LITERAL_NULL_CONVERSION = YES;
				CLANG_WARN_OBJC_LITERAL_CONVERSION = YES;
				CLANG_WARN_OBJC_ROOT_CLASS = YES_ERROR;
				CLANG_WARN_RANGE_LOOP_ANALYSIS = YES;
				CLANG_WARN_STRICT_PROTOTYPES = YES;
				CLANG_WARN_SUSPICIOUS_MOVE = YES;
				CLANG_WARN_UNGUARDED_AVAILABILITY = YES_AGGRESSIVE;
				CLANG_WARN_UNREACHABLE_CODE = YES;
				CLANG_WARN__DUPLICATE_METHOD_MATCH = YES;
				CODE_SIGN_IDENTITY = "iPhone Developer";
				COPY_PHASE_STRIP = NO;
				DEBUG_INFORMATION_FORMAT = "dwarf-with-dsym";
				ENABLE_NS_ASSERTIONS = NO;
				ENABLE_STRICT_OBJC_MSGSEND = YES;
				GCC_C_LANGUAGE_STANDARD = gnu11;
				GCC_NO_COMMON_BLOCKS = YES;
				GCC_WARN_64_TO_32_BIT_CONVERSION = YES;
				GCC_WARN_ABOUT_RETURN_TYPE = YES_ERROR;
				GCC_WARN_UNDECLARED_SELECTOR = YES;
				GCC_WARN_UNINITIALIZED_AUTOS = YES_AGGRESSIVE;
				GCC_WARN_UNUSED_FUNCTION = YES;
				GCC_WARN_UNUSED_VARIABLE = YES;
				IPHONEOS_DEPLOYMENT_TARGET = 11.2;
				MTL_ENABLE_DEBUG_INFO = NO;
				SDKROOT = iphoneos;
				SWIFT_OPTIMIZATION_LEVEL = "-Owholemodule";
				VALIDATE_PRODUCT = YES;
			};
			name = Release;
		};
		49CDE41120239C39002AFB0B /* Debug */ = {
			isa = XCBuildConfiguration;
			buildSettings = {
				ASSETCATALOG_COMPILER_APPICON_NAME = AppIcon;
				CODE_SIGN_STYLE = Automatic;
				DEVELOPMENT_TEAM = GFB72XCWZM;
				INFOPLIST_FILE = DemoSwift/Info.plist;
				LD_RUNPATH_SEARCH_PATHS = "$(inherited) @executable_path/Frameworks";
				PRODUCT_BUNDLE_IDENTIFIER = com.miguelrodriguezalonso.DemoSwift;
				PRODUCT_NAME = "$(TARGET_NAME)";
				SWIFT_VERSION = 4.0;
				TARGETED_DEVICE_FAMILY = "1,2";
			};
			name = Debug;
		};
		49CDE41220239C39002AFB0B /* Release */ = {
			isa = XCBuildConfiguration;
			buildSettings = {
				ASSETCATALOG_COMPILER_APPICON_NAME = AppIcon;
				CODE_SIGN_STYLE = Automatic;
				DEVELOPMENT_TEAM = GFB72XCWZM;
				INFOPLIST_FILE = DemoSwift/Info.plist;
				LD_RUNPATH_SEARCH_PATHS = "$(inherited) @executable_path/Frameworks";
				PRODUCT_BUNDLE_IDENTIFIER = com.miguelrodriguezalonso.DemoSwift;
				PRODUCT_NAME = "$(TARGET_NAME)";
				SWIFT_VERSION = 4.0;
				TARGETED_DEVICE_FAMILY = "1,2";
			};
			name = Release;
		};
		49CDE41420239C39002AFB0B /* Debug */ = {
			isa = XCBuildConfiguration;
			buildSettings = {
				ALWAYS_EMBED_SWIFT_STANDARD_LIBRARIES = YES;
				BUNDLE_LOADER = "$(TEST_HOST)";
				CODE_SIGN_STYLE = Automatic;
				DEVELOPMENT_TEAM = GFB72XCWZM;
				INFOPLIST_FILE = DemoSwiftTests/Info.plist;
				LD_RUNPATH_SEARCH_PATHS = "$(inherited) @executable_path/Frameworks @loader_path/Frameworks";
				PRODUCT_BUNDLE_IDENTIFIER = com.miguelrodriguezalonso.DemoSwiftTests;
				PRODUCT_NAME = "$(TARGET_NAME)";
				SWIFT_VERSION = 4.0;
				TARGETED_DEVICE_FAMILY = "1,2";
				TEST_HOST = "$(BUILT_PRODUCTS_DIR)/DemoSwift.app/DemoSwift";
			};
			name = Debug;
		};
		49CDE41520239C39002AFB0B /* Release */ = {
			isa = XCBuildConfiguration;
			buildSettings = {
				ALWAYS_EMBED_SWIFT_STANDARD_LIBRARIES = YES;
				BUNDLE_LOADER = "$(TEST_HOST)";
				CODE_SIGN_STYLE = Automatic;
				DEVELOPMENT_TEAM = GFB72XCWZM;
				INFOPLIST_FILE = DemoSwiftTests/Info.plist;
				LD_RUNPATH_SEARCH_PATHS = "$(inherited) @executable_path/Frameworks @loader_path/Frameworks";
				PRODUCT_BUNDLE_IDENTIFIER = com.miguelrodriguezalonso.DemoSwiftTests;
				PRODUCT_NAME = "$(TARGET_NAME)";
				SWIFT_VERSION = 4.0;
				TARGETED_DEVICE_FAMILY = "1,2";
				TEST_HOST = "$(BUILT_PRODUCTS_DIR)/DemoSwift.app/DemoSwift";
			};
			name = Release;
		};
		49CDE41720239C39002AFB0B /* Debug */ = {
			isa = XCBuildConfiguration;
			buildSettings = {
				ALWAYS_EMBED_SWIFT_STANDARD_LIBRARIES = YES;
				CODE_SIGN_STYLE = Automatic;
				DEVELOPMENT_TEAM = GFB72XCWZM;
				INFOPLIST_FILE = DemoSwiftUITests/Info.plist;
				LD_RUNPATH_SEARCH_PATHS = "$(inherited) @executable_path/Frameworks @loader_path/Frameworks";
				PRODUCT_BUNDLE_IDENTIFIER = com.miguelrodriguezalonso.DemoSwiftUITests;
				PRODUCT_NAME = "$(TARGET_NAME)";
				SWIFT_VERSION = 4.0;
				TARGETED_DEVICE_FAMILY = "1,2";
				TEST_TARGET_NAME = DemoSwift;
			};
			name = Debug;
		};
		49CDE41820239C39002AFB0B /* Release */ = {
			isa = XCBuildConfiguration;
			buildSettings = {
				ALWAYS_EMBED_SWIFT_STANDARD_LIBRARIES = YES;
				CODE_SIGN_STYLE = Automatic;
				DEVELOPMENT_TEAM = GFB72XCWZM;
				INFOPLIST_FILE = DemoSwiftUITests/Info.plist;
				LD_RUNPATH_SEARCH_PATHS = "$(inherited) @executable_path/Frameworks @loader_path/Frameworks";
				PRODUCT_BUNDLE_IDENTIFIER = com.miguelrodriguezalonso.DemoSwiftUITests;
				PRODUCT_NAME = "$(TARGET_NAME)";
				SWIFT_VERSION = 4.0;
				TARGETED_DEVICE_FAMILY = "1,2";
				TEST_TARGET_NAME = DemoSwift;
			};
			name = Release;
		};
/* End XCBuildConfiguration section */

/* Begin XCConfigurationList section */
		49CDE3E320239C38002AFB0B /* Build configuration list for PBXProject "DemoSwift" */ = {
			isa = XCConfigurationList;
			buildConfigurations = (
				49CDE40E20239C39002AFB0B /* Debug */,
				49CDE40F20239C39002AFB0B /* Release */,
			);
			defaultConfigurationIsVisible = 0;
			defaultConfigurationName = Release;
		};
		49CDE41020239C39002AFB0B /* Build configuration list for PBXNativeTarget "DemoSwift" */ = {
			isa = XCConfigurationList;
			buildConfigurations = (
				49CDE41120239C39002AFB0B /* Debug */,
				49CDE41220239C39002AFB0B /* Release */,
			);
			defaultConfigurationIsVisible = 0;
			defaultConfigurationName = Release;
		};
		49CDE41320239C39002AFB0B /* Build configuration list for PBXNativeTarget "DemoSwiftTests" */ = {
			isa = XCConfigurationList;
			buildConfigurations = (
				49CDE41420239C39002AFB0B /* Debug */,
				49CDE41520239C39002AFB0B /* Release */,
			);
			defaultConfigurationIsVisible = 0;
			defaultConfigurationName = Release;
		};
		49CDE41620239C39002AFB0B /* Build configuration list for PBXNativeTarget "DemoSwiftUITests" */ = {
			isa = XCConfigurationList;
			buildConfigurations = (
				49CDE41720239C39002AFB0B /* Debug */,
				49CDE41820239C39002AFB0B /* Release */,
			);
			defaultConfigurationIsVisible = 0;
			defaultConfigurationName = Release;
		};
/* End XCConfigurationList section */
	};
	rootObject = 49CDE3E020239C38002AFB0B /* Project object */;
}
